
Microsoft Visual Studio Solution File, Format Version 12.00
# Visual Studio Version 16
VisualStudioVersion = 16.0.30320.27
MinimumVisualStudioVersion = 10.0.40219.1
Project("{8BC9CEB8-8B4A-11D0-8D11-00A0C91BC942}") = "Weekly_6_1", "Weekly_6_1\Weekly_6_1.vcxproj", "{A940C466-1168-4714-B085-30F6F359991E}"
EndProject
Global
	GlobalSection(SolutionConfigurationPlatforms) = preSolution
		Debug|x64 = Debug|x64
		Debug|x86 = Debug|x86
		Release|x64 = Release|x64
		Release|x86 = Release|x86
	EndGlobalSection
	GlobalSection(ProjectConfigurationPlatforms) = postSolution
		{A940C466-1168-4714-B085-30F6F359991E}.Debug|x64.ActiveCfg = Debug|x64
		{A940C466-1168-4714-B085-30F6F359991E}.Debug|x64.Build.0 = Debug|x64
		{A940C466-1168-4714-B085-30F6F359991E}.Debug|x86.ActiveCfg = Debug|Win32
		{A940C466-1168-4714-B085-30F6F359991E}.Debug|x86.Build.0 = Debug|Win32
		{A940C466-1168-4714-B085-30F6F359991E}.Release|x64.ActiveCfg = Release|x64
		{A940C466-1168-4714-B085-30F6F359991E}.Release|x64.Build.0 = Release|x64
		{A940C466-1168-4714-B085-30F6F359991E}.Release|x86.ActiveCfg = Release|Win32
		{A940C466-1168-4714-B085-30F6F359991E}.Release|x86.Build.0 = Release|Win32
	EndGlobalSection
	GlobalSection(SolutionProperties) = preSolution
		HideSolutionNode = FALSE
	EndGlobalSection
	GlobalSection(ExtensibilityGlobals) = postSolution
		SolutionGuid = {17510254-59CC-464D-ABEA-6C4206000E4A}
	EndGlobalSection
EndGlobal
